
Microsoft Visual Studio Solution File, Format Version 12.00
# Visual Studio Version 16
VisualStudioVersion = 16.0.30406.217
MinimumVisualStudioVersion = 10.0.40219.1
Project("{8BC9CEB8-8B4A-11D0-8D11-00A0C91BC942}") = "Task1", "Task1\Task1.vcxproj", "{E87E915A-9748-4161-9510-D70A7E1D3620}"
EndProject
Project("{8BC9CEB8-8B4A-11D0-8D11-00A0C91BC942}") = "Task2", "Task2\Task2.vcxproj", "{6633B42E-EDD1-428E-BFD6-4E6AE3CE7D43}"
EndProject
Project("{8BC9CEB8-8B4A-11D0-8D11-00A0C91BC942}") = "Task3", "Task3\Task3.vcxproj", "{34476ECB-5A83-4E6D-8437-2C3404722C66}"
EndProject
Project("{8BC9CEB8-8B4A-11D0-8D11-00A0C91BC942}") = "Task4", "Task4\Task4.vcxproj", "{0A86ABD8-D2AB-4901-AA3C-9255B0188DAF}"
EndProject
Project("{8BC9CEB8-8B4A-11D0-8D11-00A0C91BC942}") = "Task5", "Task5\Task5.vcxproj", "{F840CA82-E72E-4DF9-9239-33542CD53208}"
EndProject
Global
	GlobalSection(SolutionConfigurationPlatforms) = preSolution
		Debug|x64 = Debug|x64
		Debug|x86 = Debug|x86
		Release|x64 = Release|x64
		Release|x86 = Release|x86
	EndGlobalSection
	GlobalSection(ProjectConfigurationPlatforms) = postSolution
		{E87E915A-9748-4161-9510-D70A7E1D3620}.Debug|x64.ActiveCfg = Debug|x64
		{E87E915A-9748-4161-9510-D70A7E1D3620}.Debug|x64.Build.0 = Debug|x64
		{E87E915A-9748-4161-9510-D70A7E1D3620}.Debug|x86.ActiveCfg = Debug|Win32
		{E87E915A-9748-4161-9510-D70A7E1D3620}.Debug|x86.Build.0 = Debug|Win32
		{E87E915A-9748-4161-9510-D70A7E1D3620}.Release|x64.ActiveCfg = Release|x64
		{E87E915A-9748-4161-9510-D70A7E1D3620}.Release|x64.Build.0 = Release|x64
		{E87E915A-9748-4161-9510-D70A7E1D3620}.Release|x86.ActiveCfg = Release|Win32
		{E87E915A-9748-4161-9510-D70A7E1D3620}.Release|x86.Build.0 = Release|Win32
		{6633B42E-EDD1-428E-BFD6-4E6AE3CE7D43}.Debug|x64.ActiveCfg = Debug|x64
		{6633B42E-EDD1-428E-BFD6-4E6AE3CE7D43}.Debug|x64.Build.0 = Debug|x64
		{6633B42E-EDD1-428E-BFD6-4E6AE3CE7D43}.Debug|x86.ActiveCfg = Debug|Win32
		{6633B42E-EDD1-428E-BFD6-4E6AE3CE7D43}.Debug|x86.Build.0 = Debug|Win32
		{6633B42E-EDD1-428E-BFD6-4E6AE3CE7D43}.Release|x64.ActiveCfg = Release|x64
		{6633B42E-EDD1-428E-BFD6-4E6AE3CE7D43}.Release|x64.Build.0 = Release|x64
		{6633B42E-EDD1-428E-BFD6-4E6AE3CE7D43}.Release|x86.ActiveCfg = Release|Win32
		{6633B42E-EDD1-428E-BFD6-4E6AE3CE7D43}.Release|x86.Build.0 = Release|Win32
		{34476ECB-5A83-4E6D-8437-2C3404722C66}.Debug|x64.ActiveCfg = Debug|x64
		{34476ECB-5A83-4E6D-8437-2C3404722C66}.Debug|x64.Build.0 = Debug|x64
		{34476ECB-5A83-4E6D-8437-2C3404722C66}.Debug|x86.ActiveCfg = Debug|Win32
		{34476ECB-5A83-4E6D-8437-2C3404722C66}.Debug|x86.Build.0 = Debug|Win32
		{34476ECB-5A83-4E6D-8437-2C3404722C66}.Release|x64.ActiveCfg = Release|x64
		{34476ECB-5A83-4E6D-8437-2C3404722C66}.Release|x64.Build.0 = Release|x64
		{34476ECB-5A83-4E6D-8437-2C3404722C66}.Release|x86.ActiveCfg = Release|Win32
		{34476ECB-5A83-4E6D-8437-2C3404722C66}.Release|x86.Build.0 = Release|Win32
		{0A86ABD8-D2AB-4901-AA3C-9255B0188DAF}.Debug|x64.ActiveCfg = Debug|x64
		{0A86ABD8-D2AB-4901-AA3C-9255B0188DAF}.Debug|x64.Build.0 = Debug|x64
		{0A86ABD8-D2AB-4901-AA3C-9255B0188DAF}.Debug|x86.ActiveCfg = Debug|Win32
		{0A86ABD8-D2AB-4901-AA3C-9255B0188DAF}.Debug|x86.Build.0 = Debug|Win32
		{0A86ABD8-D2AB-4901-AA3C-9255B0188DAF}.Release|x64.ActiveCfg = Release|x64
		{0A86ABD8-D2AB-4901-AA3C-9255B0188DAF}.Release|x64.Build.0 = Release|x64
		{0A86ABD8-D2AB-4901-AA3C-9255B0188DAF}.Release|x86.ActiveCfg = Release|Win32
		{0A86ABD8-D2AB-4901-AA3C-9255B0188DAF}.Release|x86.Build.0 = Release|Win32
		{F840CA82-E72E-4DF9-9239-33542CD53208}.Debug|x64.ActiveCfg = Debug|x64
		{F840CA82-E72E-4DF9-9239-33542CD53208}.Debug|x64.Build.0 = Debug|x64
		{F840CA82-E72E-4DF9-9239-33542CD53208}.Debug|x86.ActiveCfg = Debug|Win32
		{F840CA82-E72E-4DF9-9239-33542CD53208}.Debug|x86.Build.0 = Debug|Win32
		{F840CA82-E72E-4DF9-9239-33542CD53208}.Release|x64.ActiveCfg = Release|x64
		{F840CA82-E72E-4DF9-9239-33542CD53208}.Release|x64.Build.0 = Release|x64
		{F840CA82-E72E-4DF9-9239-33542CD53208}.Release|x86.ActiveCfg = Release|Win32
		{F840CA82-E72E-4DF9-9239-33542CD53208}.Release|x86.Build.0 = Release|Win32
	EndGlobalSection
	GlobalSection(SolutionProperties) = preSolution
		HideSolutionNode = FALSE
	EndGlobalSection
	GlobalSection(ExtensibilityGlobals) = postSolution
		SolutionGuid = {FB10A930-1FC9-4DDA-BF38-6F8FFE608260}
	EndGlobalSection
EndGlobal
